// !$*UTF8*$!
{
	archiveVersion = 1;
	classes = {
	};
	objectVersion = 46;
	objects = {

/* Begin PBXBuildFile section */
		CC0E55611D25F2EB00355D4A /* AppDelegate.swift in Sources */ = {isa = PBXBuildFile; fileRef = CC0E55601D25F2EB00355D4A /* AppDelegate.swift */; };
		CC0E55631D25F2EB00355D4A /* ViewController.swift in Sources */ = {isa = PBXBuildFile; fileRef = CC0E55621D25F2EB00355D4A /* ViewController.swift */; };
		CC0E55661D25F2EB00355D4A /* Main.storyboard in Resources */ = {isa = PBXBuildFile; fileRef = CC0E55641D25F2EB00355D4A /* Main.storyboard */; };
		CC0E55681D25F2EB00355D4A /* Assets.xcassets in Resources */ = {isa = PBXBuildFile; fileRef = CC0E55671D25F2EB00355D4A /* Assets.xcassets */; };
		CC0E556B1D25F2EB00355D4A /* LaunchScreen.storyboard in Resources */ = {isa = PBXBuildFile; fileRef = CC0E55691D25F2EB00355D4A /* LaunchScreen.storyboard */; };
/* End PBXBuildFile section */

/* Begin PBXFileReference section */
		CC0E555D1D25F2EB00355D4A /* MoveContent-Swift.app */ = {isa = PBXFileReference; explicitFileType = wrapper.application; includeInIndex = 0; path = "MoveContent-Swift.app"; sourceTree = BUILT_PRODUCTS_DIR; };
		CC0E55601D25F2EB00355D4A /* AppDelegate.swift */ = {isa = PBXFileReference; lastKnownFileType = sourcecode.swift; path = AppDelegate.swift; sourceTree = "<group>"; };
		CC0E55621D25F2EB00355D4A /* ViewController.swift */ = {isa = PBXFileReference; lastKnownFileType = sourcecode.swift; path = ViewController.swift; sourceTree = "<group>"; };
		CC0E55651D25F2EB00355D4A /* Base */ = {isa = PBXFileReference; lastKnownFileType = file.storyboard; name = Base; path = Base.lproj/Main.storyboard; sourceTree = "<group>"; };
		CC0E55671D25F2EB00355D4A /* Assets.xcassets */ = {isa = PBXFileReference; lastKnownFileType = folder.assetcatalog; path = Assets.xcassets; sourceTree = "<group>"; };
		CC0E556A1D25F2EB00355D4A /* Base */ = {isa = PBXFileReference; lastKnownFileType = file.storyboard; name = Base; path = Base.lproj/LaunchScreen.storyboard; sourceTree = "<group>"; };
		CC0E556C1D25F2EB00355D4A /* Info.plist */ = {isa = PBXFileReference; lastKnownFileType = text.plist.xml; path = Info.plist; sourceTree = "<group>"; };
/* End PBXFileReference section */

/* Begin PBXFrameworksBuildPhase section */
		CC0E555A1D25F2EB00355D4A /* Frameworks */ = {
			isa = PBXFrameworksBuildPhase;
			buildActionMask = 2147483647;
			files = (
			);
			runOnlyForDeploymentPostprocessing = 0;
		};
/* End PBXFrameworksBuildPhase section */

/* Begin PBXGroup section */
		CC0E55541D25F2EB00355D4A = {
			isa = PBXGroup;
			children = (
				CC0E555F1D25F2EB00355D4A /* MoveContent-Swift */,
				CC0E555E1D25F2EB00355D4A /* Products */,
			);
			sourceTree = "<group>";
		};
		CC0E555E1D25F2EB00355D4A /* Products */ = {
			isa = PBXGroup;
			children = (
				CC0E555D1D25F2EB00355D4A /* MoveContent-Swift.app */,
			);
			name = Products;
			sourceTree = "<group>";
		};
		CC0E555F1D25F2EB00355D4A /* MoveContent-Swift */ = {
			isa = PBXGroup;
			children = (
				CC0E55601D25F2EB00355D4A /* AppDelegate.swift */,
				CC0E55621D25F2EB00355D4A /* ViewController.swift */,
				CC0E55641D25F2EB00355D4A /* Main.storyboard */,
				CC0E55671D25F2EB00355D4A /* Assets.xcassets */,
				CC0E55691D25F2EB00355D4A /* LaunchScreen.storyboard */,
				CC0E556C1D25F2EB00355D4A /* Info.plist */,
			);
			path = "MoveContent-Swift";
			sourceTree = "<group>";
		};
/* End PBXGroup section */

/* Begin PBXNativeTarget section */
		CC0E555C1D25F2EB00355D4A /* MoveContent-Swift */ = {
			isa = PBXNativeTarget;
			buildConfigurationList = CC0E556F1D25F2EB00355D4A /* Build configuration list for PBXNativeTarget "MoveContent-Swift" */;
			buildPhases = (
				CC0E55591D25F2EB00355D4A /* Sources */,
				CC0E555A1D25F2EB00355D4A /* Frameworks */,
				CC0E555B1D25F2EB00355D4A /* Resources */,
			);
			buildRules = (
			);
			dependencies = (
			);
			name = "MoveContent-Swift";
			productName = "MoveContent-Swift";
			productReference = CC0E555D1D25F2EB00355D4A /* MoveContent-Swift.app */;
			productType = "com.apple.product-type.application";
		};
/* End PBXNativeTarget section */

/* Begin PBXProject section */
		CC0E55551D25F2EB00355D4A /* Project object */ = {
			isa = PBXProject;
			attributes = {
				LastSwiftUpdateCheck = 0730;
				LastUpgradeCheck = 0730;
				ORGANIZATIONNAME = ADK;
				TargetAttributes = {
					CC0E555C1D25F2EB00355D4A = {
						CreatedOnToolsVersion = 7.3.1;
						DevelopmentTeam = 78RKEAR53A;
					};
				};
			};
			buildConfigurationList = CC0E55581D25F2EB00355D4A /* Build configuration list for PBXProject "MoveContent-Swift" */;
			compatibilityVersion = "Xcode 3.2";
			developmentRegion = English;
			hasScannedForEncodings = 0;
			knownRegions = (
				en,
				Base,
			);
			mainGroup = CC0E55541D25F2EB00355D4A;
			productRefGroup = CC0E555E1D25F2EB00355D4A /* Products */;
			projectDirPath = "";
			projectRoot = "";
			targets = (
				CC0E555C1D25F2EB00355D4A /* MoveContent-Swift */,
			);
		};
/* End PBXProject section */

/* Begin PBXResourcesBuildPhase section */
		CC0E555B1D25F2EB00355D4A /* Resources */ = {
			isa = PBXResourcesBuildPhase;
			buildActionMask = 2147483647;
			files = (
				CC0E556B1D25F2EB00355D4A /* LaunchScreen.storyboard in Resources */,
				CC0E55681D25F2EB00355D4A /* Assets.xcassets in Resources */,
				CC0E55661D25F2EB00355D4A /* Main.storyboard in Resources */,
			);
			runOnlyForDeploymentPostprocessing = 0;
		};
/* End PBXResourcesBuildPhase section */

/* Begin PBXSourcesBuildPhase section */
		CC0E55591D25F2EB00355D4A /* Sources */ = {
			isa = PBXSourcesBuildPhase;
			buildActionMask = 2147483647;
			files = (
				CC0E55631D25F2EB00355D4A /* ViewController.swift in Sources */,
				CC0E55611D25F2EB00355D4A /* AppDelegate.swift in Sources */,
			);
			runOnlyForDeploymentPostprocessing = 0;
		};
/* End PBXSourcesBuildPhase section */

/* Begin PBXVariantGroup section */
		CC0E55641D25F2EB00355D4A /* Main.storyboard */ = {
			isa = PBXVariantGroup;
			children = (
				CC0E55651D25F2EB00355D4A /* Base */,
			);
			name = Main.storyboard;
			sourceTree = "<group>";
		};
		CC0E55691D25F2EB00355D4A /* LaunchScreen.storyboard */ = {
			isa = PBXVariantGroup;
			children = (
				CC0E556A1D25F2EB00355D4A /* Base */,
			);
			name = LaunchScreen.storyboard;
			sourceTree = "<group>";
		};
/* End PBXVariantGroup section */

/* Begin XCBuildConfiguration section */
		CC0E556D1D25F2EB00355D4A /* Debug */ = {
			isa = XCBuildConfiguration;
			buildSettings = {
				ALWAYS_SEARCH_USER_PATHS = NO;
				CLANG_ANALYZER_NONNULL = YES;
				CLANG_CXX_LANGUAGE_STANDARD = "gnu++0x";
				CLANG_CXX_LIBRARY = "libc++";
				CLANG_ENABLE_MODULES = YES;
				CLANG_ENABLE_OBJC_ARC = YES;
				CLANG_WARN_BOOL_CONVERSION = YES;
				CLANG_WARN_CONSTANT_CONVERSION = YES;
				CLANG_WARN_DIRECT_OBJC_ISA_USAGE = YES_ERROR;
				CLANG_WARN_EMPTY_BODY = YES;
				CLANG_WARN_ENUM_CONVERSION = YES;
				CLANG_WARN_INT_CONVERSION = YES;
				CLANG_WARN_OBJC_ROOT_CLASS = YES_ERROR;
				CLANG_WARN_UNREACHABLE_CODE = YES;
				CLANG_WARN__DUPLICATE_METHOD_MATCH = YES;
				"CODE_SIGN_IDENTITY[sdk=iphoneos*]" = "iPhone Developer";
				COPY_PHASE_STRIP = NO;
				DEBUG_INFORMATION_FORMAT = dwarf;
				ENABLE_STRICT_OBJC_MSGSEND = YES;
				ENABLE_TESTABILITY = YES;
				GCC_C_LANGUAGE_STANDARD = gnu99;
				GCC_DYNAMIC_NO_PIC = NO;
				GCC_NO_COMMON_BLOCKS = YES;
				GCC_OPTIMIZATION_LEVEL = 0;
				GCC_PREPROCESSOR_DEFINITIONS = (
					"DEBUG=1",
					"$(inherited)",
				);
				GCC_WARN_64_TO_32_BIT_CONVERSION = YES;
				GCC_WARN_ABOUT_RETURN_TYPE = YES_ERROR;
				GCC_WARN_UNDECLARED_SELECTOR = YES;
				GCC_WARN_UNINITIALIZED_AUTOS = YES_AGGRESSIVE;
				GCC_WARN_UNUSED_FUNCTION = YES;
				GCC_WARN_UNUSED_VARIABLE = YES;
				IPHONEOS_DEPLOYMENT_TARGET = 9.3;
				MTL_ENABLE_DEBUG_INFO = YES;
				ONLY_ACTIVE_ARCH = YES;
				SDKROOT = iphoneos;
				SWIFT_OPTIMIZATION_LEVEL = "-Onone";
				TARGETED_DEVICE_FAMILY = "1,2";
			};
			name = Debug;
		};
		CC0E556E1D25F2EB00355D4A /* Release */ = {
			isa = XCBuildConfiguration;
			buildSettings = {
				ALWAYS_SEARCH_USER_PATHS = NO;
				CLANG_ANALYZER_NONNULL = YES;
				CLANG_CXX_LANGUAGE_STANDARD = "gnu++0x";
				CLANG_CXX_LIBRARY = "libc++";
				CLANG_ENABLE_MODULES = YES;
				CLANG_ENABLE_OBJC_ARC = YES;
				CLANG_WARN_BOOL_CONVERSION = YES;
				CLANG_WARN_CONSTANT_CONVERSION = YES;
				CLANG_WARN_DIRECT_OBJC_ISA_USAGE = YES_ERROR;
				CLANG_WARN_EMPTY_BODY = YES;
				CLANG_WARN_ENUM_CONVERSION = YES;
				CLANG_WARN_INT_CONVERSION = YES;
				CLANG_WARN_OBJC_ROOT_CLASS = YES_ERROR;
				CLANG_WARN_UNREACHABLE_CODE = YES;
				CLANG_WARN__DUPLICATE_METHOD_MATCH = YES;
				"CODE_SIGN_IDENTITY[sdk=iphoneos*]" = "iPhone Developer";
				COPY_PHASE_STRIP = NO;
				DEBUG_INFORMATION_FORMAT = "dwarf-with-dsym";
				ENABLE_NS_ASSERTIONS = NO;
				ENABLE_STRICT_OBJC_MSGSEND = YES;
				GCC_C_LANGUAGE_STANDARD = gnu99;
				GCC_NO_COMMON_BLOCKS = YES;
				GCC_WARN_64_TO_32_BIT_CONVERSION = YES;
				GCC_WARN_ABOUT_RETURN_TYPE = YES_ERROR;
				GCC_WARN_UNDECLARED_SELECTOR = YES;
				GCC_WARN_UNINITIALIZED_AUTOS = YES_AGGRESSIVE;
				GCC_WARN_UNUSED_FUNCTION = YES;
				GCC_WARN_UNUSED_VARIABLE = YES;
				IPHONEOS_DEPLOYMENT_TARGET = 9.3;
				MTL_ENABLE_DEBUG_INFO = NO;
				SDKROOT = iphoneos;
				TARGETED_DEVICE_FAMILY = "1,2";
				VALIDATE_PRODUCT = YES;
			};
			name = Release;
		};
		CC0E55701D25F2EB00355D4A /* Debug */ = {
			isa = XCBuildConfiguration;
			buildSettings = {
				ASSETCATALOG_COMPILER_APPICON_NAME = AppIcon;
				INFOPLIST_FILE = "MoveContent-Swift/Info.plist";
				LD_RUNPATH_SEARCH_PATHS = "$(inherited) @executable_path/Frameworks";
				PRODUCT_BUNDLE_IDENTIFIER = "com.adk.MoveContent-Swift";
				PRODUCT_NAME = "$(TARGET_NAME)";
			};
			name = Debug;
		};
		CC0E55711D25F2EB00355D4A /* Release */ = {
			isa = XCBuildConfiguration;
			buildSettings = {
				ASSETCATALOG_COMPILER_APPICON_NAME = AppIcon;
				INFOPLIST_FILE = "MoveContent-Swift/Info.plist";
				LD_RUNPATH_SEARCH_PATHS = "$(inherited) @executable_path/Frameworks";
				PRODUCT_BUNDLE_IDENTIFIER = "com.adk.MoveContent-Swift";
				PRODUCT_NAME = "$(TARGET_NAME)";
			};
			name = Release;
		};
/* End XCBuildConfiguration section */

/* Begin XCConfigurationList section */
		CC0E55581D25F2EB00355D4A /* Build configuration list for PBXProject "MoveContent-Swift" */ = {
			isa = XCConfigurationList;
			buildConfigurations = (
				CC0E556D1D25F2EB00355D4A /* Debug */,
				CC0E556E1D25F2EB00355D4A /* Release */,
			);
			defaultConfigurationIsVisible = 0;
			defaultConfigurationName = Release;
		};
		CC0E556F1D25F2EB00355D4A /* Build configuration list for PBXNativeTarget "MoveContent-Swift" */ = {
			isa = XCConfigurationList;
			buildConfigurations = (
				CC0E55701D25F2EB00355D4A /* Debug */,
				CC0E55711D25F2EB00355D4A /* Release */,
			);
			defaultConfigurationIsVisible = 0;
		};
/* End XCConfigurationList section */
	};
	rootObject = CC0E55551D25F2EB00355D4A /* Project object */;
}
